
Microsoft Visual Studio Solution File, Format Version 12.00
# Visual Studio Version 16
VisualStudioVersion = 16.0.29409.12
MinimumVisualStudioVersion = 10.0.40219.1
Project("{9A19103F-16F7-4668-BE54-9A1E7A4F7556}") = "Linkar.Functions", "Linkar.Functions\Linkar.Functions.csproj", "{050F3817-E209-41A0-9F75-E90A1AF0EDF5}"
EndProject
Project("{9A19103F-16F7-4668-BE54-9A1E7A4F7556}") = "Linkar.Strings", "Linkar.Strings\Linkar.Strings.csproj", "{308A4B89-99AC-4E83-A714-33BAC065A0B1}"
EndProject
Project("{9A19103F-16F7-4668-BE54-9A1E7A4F7556}") = "Linkar.Functions.Persistent", "Linkar.Functions.Persistent\Linkar.Functions.Persistent.csproj", "{1BF94EA5-71B5-417A-8E37-66E1A77A626D}"
EndProject
Project("{9A19103F-16F7-4668-BE54-9A1E7A4F7556}") = "Linkar.Functions.Direct", "Linkar.Functions.Direct\Linkar.Functions.Direct.csproj", "{81635850-AF43-4D97-981D-3B8B0CB43B8E}"
EndProject
Project("{9A19103F-16F7-4668-BE54-9A1E7A4F7556}") = "Linkar.Functions.Persistent.MV", "Linkar.Functions.Persistent.MV\Linkar.Functions.Persistent.MV.csproj", "{B13ECFBA-E756-4BA3-8D37-510B49B66D72}"
EndProject
Project("{9A19103F-16F7-4668-BE54-9A1E7A4F7556}") = "Linkar.Functions.Direct.MV", "Linkar.Functions.Direct.MV\Linkar.Functions.Direct.MV.csproj", "{9CC405E9-716E-48E7-9777-639176D5FB6E}"
EndProject
Project("{9A19103F-16F7-4668-BE54-9A1E7A4F7556}") = "Linkar.Functions.Persistent.XML", "Linkar.Functions.Persistent.XML\Linkar.Functions.Persistent.XML.csproj", "{DAC56716-511E-4181-9FF7-CCD279998FDD}"
EndProject
Project("{9A19103F-16F7-4668-BE54-9A1E7A4F7556}") = "Linkar.Functions.Persistent.JSON", "Linkar.Functions.Persistent.JSON\Linkar.Functions.Persistent.JSON.csproj", "{06C61D6F-9A5D-4353-BEE8-B6A867DEC744}"
EndProject
Project("{9A19103F-16F7-4668-BE54-9A1E7A4F7556}") = "Linkar.Functions.Direct.XML", "Linkar.Functions.Direct.XML\Linkar.Functions.Direct.XML.csproj", "{2E05951C-6FE6-476E-B1A6-EFC48F030307}"
EndProject
Project("{9A19103F-16F7-4668-BE54-9A1E7A4F7556}") = "Linkar.Functions.Direct.JSON", "Linkar.Functions.Direct.JSON\Linkar.Functions.Direct.JSON.csproj", "{8A0E8224-0674-4FC0-B142-3791F9643E14}"
EndProject
Project("{9A19103F-16F7-4668-BE54-9A1E7A4F7556}") = "Linkar.LkData", "Linkar.LkData\Linkar.LkData.csproj", "{0B0C711F-8737-45AE-8344-5D986CDD57C2}"
EndProject
Project("{9A19103F-16F7-4668-BE54-9A1E7A4F7556}") = "Linkar.Commands", "Linkar.Commands\Linkar.Commands.csproj", "{2EED5B72-2E48-4F7E-BF99-99F2C00821E8}"
EndProject
Project("{9A19103F-16F7-4668-BE54-9A1E7A4F7556}") = "Linkar.Functions.Direct.TABLE", "Linkar.Functions.Direct.TABLE\Linkar.Functions.Direct.TABLE.csproj", "{9F390936-0AF6-4EF9-B3CF-41F2D3861E52}"
EndProject
Project("{9A19103F-16F7-4668-BE54-9A1E7A4F7556}") = "Linkar.Functions.Persistent.TABLE", "Linkar.Functions.Persistent.TABLE\Linkar.Functions.Persistent.TABLE.csproj", "{A6AE270C-1790-4B87-BD9C-DF69FE4DCF98}"
EndProject
Global
	GlobalSection(SolutionConfigurationPlatforms) = preSolution
		Debug|x64 = Debug|x64
		Debug|x86 = Debug|x86
		Release|x64 = Release|x64
		Release|x86 = Release|x86
	EndGlobalSection
	GlobalSection(ProjectConfigurationPlatforms) = postSolution
		{050F3817-E209-41A0-9F75-E90A1AF0EDF5}.Debug|x64.ActiveCfg = Debug|x64
		{050F3817-E209-41A0-9F75-E90A1AF0EDF5}.Debug|x64.Build.0 = Debug|x64
		{050F3817-E209-41A0-9F75-E90A1AF0EDF5}.Debug|x86.ActiveCfg = Debug|x86
		{050F3817-E209-41A0-9F75-E90A1AF0EDF5}.Debug|x86.Build.0 = Debug|x86
		{050F3817-E209-41A0-9F75-E90A1AF0EDF5}.Release|x64.ActiveCfg = Release|x64
		{050F3817-E209-41A0-9F75-E90A1AF0EDF5}.Release|x64.Build.0 = Release|x64
		{050F3817-E209-41A0-9F75-E90A1AF0EDF5}.Release|x86.ActiveCfg = Release|x86
		{050F3817-E209-41A0-9F75-E90A1AF0EDF5}.Release|x86.Build.0 = Release|x86
		{308A4B89-99AC-4E83-A714-33BAC065A0B1}.Debug|x64.ActiveCfg = Debug|x64
		{308A4B89-99AC-4E83-A714-33BAC065A0B1}.Debug|x64.Build.0 = Debug|x64
		{308A4B89-99AC-4E83-A714-33BAC065A0B1}.Debug|x86.ActiveCfg = Debug|x86
		{308A4B89-99AC-4E83-A714-33BAC065A0B1}.Debug|x86.Build.0 = Debug|x86
		{308A4B89-99AC-4E83-A714-33BAC065A0B1}.Release|x64.ActiveCfg = Release|x64
		{308A4B89-99AC-4E83-A714-33BAC065A0B1}.Release|x64.Build.0 = Release|x64
		{308A4B89-99AC-4E83-A714-33BAC065A0B1}.Release|x86.ActiveCfg = Release|x86
		{308A4B89-99AC-4E83-A714-33BAC065A0B1}.Release|x86.Build.0 = Release|x86
		{1BF94EA5-71B5-417A-8E37-66E1A77A626D}.Debug|x64.ActiveCfg = Debug|x64
		{1BF94EA5-71B5-417A-8E37-66E1A77A626D}.Debug|x64.Build.0 = Debug|x64
		{1BF94EA5-71B5-417A-8E37-66E1A77A626D}.Debug|x86.ActiveCfg = Debug|x86
		{1BF94EA5-71B5-417A-8E37-66E1A77A626D}.Debug|x86.Build.0 = Debug|x86
		{1BF94EA5-71B5-417A-8E37-66E1A77A626D}.Release|x64.ActiveCfg = Release|x64
		{1BF94EA5-71B5-417A-8E37-66E1A77A626D}.Release|x64.Build.0 = Release|x64
		{1BF94EA5-71B5-417A-8E37-66E1A77A626D}.Release|x86.ActiveCfg = Release|x86
		{1BF94EA5-71B5-417A-8E37-66E1A77A626D}.Release|x86.Build.0 = Release|x86
		{81635850-AF43-4D97-981D-3B8B0CB43B8E}.Debug|x64.ActiveCfg = Debug|x64
		{81635850-AF43-4D97-981D-3B8B0CB43B8E}.Debug|x64.Build.0 = Debug|x64
		{81635850-AF43-4D97-981D-3B8B0CB43B8E}.Debug|x86.ActiveCfg = Debug|x86
		{81635850-AF43-4D97-981D-3B8B0CB43B8E}.Debug|x86.Build.0 = Debug|x86
		{81635850-AF43-4D97-981D-3B8B0CB43B8E}.Release|x64.ActiveCfg = Release|x64
		{81635850-AF43-4D97-981D-3B8B0CB43B8E}.Release|x64.Build.0 = Release|x64
		{81635850-AF43-4D97-981D-3B8B0CB43B8E}.Release|x86.ActiveCfg = Release|x86
		{81635850-AF43-4D97-981D-3B8B0CB43B8E}.Release|x86.Build.0 = Release|x86
		{B13ECFBA-E756-4BA3-8D37-510B49B66D72}.Debug|x64.ActiveCfg = Debug|x64
		{B13ECFBA-E756-4BA3-8D37-510B49B66D72}.Debug|x64.Build.0 = Debug|x64
		{B13ECFBA-E756-4BA3-8D37-510B49B66D72}.Debug|x86.ActiveCfg = Debug|x86
		{B13ECFBA-E756-4BA3-8D37-510B49B66D72}.Debug|x86.Build.0 = Debug|x86
		{B13ECFBA-E756-4BA3-8D37-510B49B66D72}.Release|x64.ActiveCfg = Release|x64
		{B13ECFBA-E756-4BA3-8D37-510B49B66D72}.Release|x64.Build.0 = Release|x64
		{B13ECFBA-E756-4BA3-8D37-510B49B66D72}.Release|x86.ActiveCfg = Release|x86
		{B13ECFBA-E756-4BA3-8D37-510B49B66D72}.Release|x86.Build.0 = Release|x86
		{9CC405E9-716E-48E7-9777-639176D5FB6E}.Debug|x64.ActiveCfg = Debug|x64
		{9CC405E9-716E-48E7-9777-639176D5FB6E}.Debug|x64.Build.0 = Debug|x64
		{9CC405E9-716E-48E7-9777-639176D5FB6E}.Debug|x86.ActiveCfg = Debug|x86
		{9CC405E9-716E-48E7-9777-639176D5FB6E}.Debug|x86.Build.0 = Debug|x86
		{9CC405E9-716E-48E7-9777-639176D5FB6E}.Release|x64.ActiveCfg = Release|x64
		{9CC405E9-716E-48E7-9777-639176D5FB6E}.Release|x64.Build.0 = Release|x64
		{9CC405E9-716E-48E7-9777-639176D5FB6E}.Release|x86.ActiveCfg = Release|x86
		{9CC405E9-716E-48E7-9777-639176D5FB6E}.Release|x86.Build.0 = Release|x86
		{DAC56716-511E-4181-9FF7-CCD279998FDD}.Debug|x64.ActiveCfg = Debug|x64
		{DAC56716-511E-4181-9FF7-CCD279998FDD}.Debug|x64.Build.0 = Debug|x64
		{DAC56716-511E-4181-9FF7-CCD279998FDD}.Debug|x86.ActiveCfg = Debug|x86
		{DAC56716-511E-4181-9FF7-CCD279998FDD}.Debug|x86.Build.0 = Debug|x86
		{DAC56716-511E-4181-9FF7-CCD279998FDD}.Release|x64.ActiveCfg = Release|x64
		{DAC56716-511E-4181-9FF7-CCD279998FDD}.Release|x64.Build.0 = Release|x64
		{DAC56716-511E-4181-9FF7-CCD279998FDD}.Release|x86.ActiveCfg = Release|x86
		{DAC56716-511E-4181-9FF7-CCD279998FDD}.Release|x86.Build.0 = Release|x86
		{06C61D6F-9A5D-4353-BEE8-B6A867DEC744}.Debug|x64.ActiveCfg = Debug|x64
		{06C61D6F-9A5D-4353-BEE8-B6A867DEC744}.Debug|x64.Build.0 = Debug|x64
		{06C61D6F-9A5D-4353-BEE8-B6A867DEC744}.Debug|x86.ActiveCfg = Debug|x86
		{06C61D6F-9A5D-4353-BEE8-B6A867DEC744}.Debug|x86.Build.0 = Debug|x86
		{06C61D6F-9A5D-4353-BEE8-B6A867DEC744}.Release|x64.ActiveCfg = Release|x64
		{06C61D6F-9A5D-4353-BEE8-B6A867DEC744}.Release|x64.Build.0 = Release|x64
		{06C61D6F-9A5D-4353-BEE8-B6A867DEC744}.Release|x86.ActiveCfg = Release|x86
		{06C61D6F-9A5D-4353-BEE8-B6A867DEC744}.Release|x86.Build.0 = Release|x86
		{2E05951C-6FE6-476E-B1A6-EFC48F030307}.Debug|x64.ActiveCfg = Debug|x64
		{2E05951C-6FE6-476E-B1A6-EFC48F030307}.Debug|x64.Build.0 = Debug|x64
		{2E05951C-6FE6-476E-B1A6-EFC48F030307}.Debug|x86.ActiveCfg = Debug|x86
		{2E05951C-6FE6-476E-B1A6-EFC48F030307}.Debug|x86.Build.0 = Debug|x86
		{2E05951C-6FE6-476E-B1A6-EFC48F030307}.Release|x64.ActiveCfg = Release|x64
		{2E05951C-6FE6-476E-B1A6-EFC48F030307}.Release|x64.Build.0 = Release|x64
		{2E05951C-6FE6-476E-B1A6-EFC48F030307}.Release|x86.ActiveCfg = Release|x86
		{2E05951C-6FE6-476E-B1A6-EFC48F030307}.Release|x86.Build.0 = Release|x86
		{8A0E8224-0674-4FC0-B142-3791F9643E14}.Debug|x64.ActiveCfg = Debug|x64
		{8A0E8224-0674-4FC0-B142-3791F9643E14}.Debug|x64.Build.0 = Debug|x64
		{8A0E8224-0674-4FC0-B142-3791F9643E14}.Debug|x86.ActiveCfg = Debug|x86
		{8A0E8224-0674-4FC0-B142-3791F9643E14}.Debug|x86.Build.0 = Debug|x86
		{8A0E8224-0674-4FC0-B142-3791F9643E14}.Release|x64.ActiveCfg = Release|x64
		{8A0E8224-0674-4FC0-B142-3791F9643E14}.Release|x64.Build.0 = Release|x64
		{8A0E8224-0674-4FC0-B142-3791F9643E14}.Release|x86.ActiveCfg = Release|x86
		{8A0E8224-0674-4FC0-B142-3791F9643E14}.Release|x86.Build.0 = Release|x86
		{0B0C711F-8737-45AE-8344-5D986CDD57C2}.Debug|x64.ActiveCfg = Debug|x64
		{0B0C711F-8737-45AE-8344-5D986CDD57C2}.Debug|x64.Build.0 = Debug|x64
		{0B0C711F-8737-45AE-8344-5D986CDD57C2}.Debug|x86.ActiveCfg = Debug|x86
		{0B0C711F-8737-45AE-8344-5D986CDD57C2}.Debug|x86.Build.0 = Debug|x86
		{0B0C711F-8737-45AE-8344-5D986CDD57C2}.Release|x64.ActiveCfg = Release|x64
		{0B0C711F-8737-45AE-8344-5D986CDD57C2}.Release|x64.Build.0 = Release|x64
		{0B0C711F-8737-45AE-8344-5D986CDD57C2}.Release|x86.ActiveCfg = Release|x86
		{0B0C711F-8737-45AE-8344-5D986CDD57C2}.Release|x86.Build.0 = Release|x86
		{2EED5B72-2E48-4F7E-BF99-99F2C00821E8}.Debug|x64.ActiveCfg = Debug|x64
		{2EED5B72-2E48-4F7E-BF99-99F2C00821E8}.Debug|x64.Build.0 = Debug|x64
		{2EED5B72-2E48-4F7E-BF99-99F2C00821E8}.Debug|x86.ActiveCfg = Debug|x86
		{2EED5B72-2E48-4F7E-BF99-99F2C00821E8}.Debug|x86.Build.0 = Debug|x86
		{2EED5B72-2E48-4F7E-BF99-99F2C00821E8}.Release|x64.ActiveCfg = Release|x64
		{2EED5B72-2E48-4F7E-BF99-99F2C00821E8}.Release|x64.Build.0 = Release|x64
		{2EED5B72-2E48-4F7E-BF99-99F2C00821E8}.Release|x86.ActiveCfg = Release|x86
		{2EED5B72-2E48-4F7E-BF99-99F2C00821E8}.Release|x86.Build.0 = Release|x86
		{9F390936-0AF6-4EF9-B3CF-41F2D3861E52}.Debug|x64.ActiveCfg = Debug|x64
		{9F390936-0AF6-4EF9-B3CF-41F2D3861E52}.Debug|x64.Build.0 = Debug|x64
		{9F390936-0AF6-4EF9-B3CF-41F2D3861E52}.Debug|x86.ActiveCfg = Debug|x86
		{9F390936-0AF6-4EF9-B3CF-41F2D3861E52}.Debug|x86.Build.0 = Debug|x86
		{9F390936-0AF6-4EF9-B3CF-41F2D3861E52}.Release|x64.ActiveCfg = Release|x64
		{9F390936-0AF6-4EF9-B3CF-41F2D3861E52}.Release|x64.Build.0 = Release|x64
		{9F390936-0AF6-4EF9-B3CF-41F2D3861E52}.Release|x86.ActiveCfg = Release|x86
		{9F390936-0AF6-4EF9-B3CF-41F2D3861E52}.Release|x86.Build.0 = Release|x86
		{A6AE270C-1790-4B87-BD9C-DF69FE4DCF98}.Debug|x64.ActiveCfg = Debug|x64
		{A6AE270C-1790-4B87-BD9C-DF69FE4DCF98}.Debug|x64.Build.0 = Debug|x64
		{A6AE270C-1790-4B87-BD9C-DF69FE4DCF98}.Debug|x86.ActiveCfg = Debug|x86
		{A6AE270C-1790-4B87-BD9C-DF69FE4DCF98}.Debug|x86.Build.0 = Debug|x86
		{A6AE270C-1790-4B87-BD9C-DF69FE4DCF98}.Release|x64.ActiveCfg = Release|x64
		{A6AE270C-1790-4B87-BD9C-DF69FE4DCF98}.Release|x64.Build.0 = Release|x64
		{A6AE270C-1790-4B87-BD9C-DF69FE4DCF98}.Release|x86.ActiveCfg = Release|x86
		{A6AE270C-1790-4B87-BD9C-DF69FE4DCF98}.Release|x86.Build.0 = Release|x86
	EndGlobalSection
	GlobalSection(SolutionProperties) = preSolution
		HideSolutionNode = FALSE
	EndGlobalSection
	GlobalSection(ExtensibilityGlobals) = postSolution
		SolutionGuid = {044E01D9-A1BB-4A00-B8A5-DEE791ADE2DC}
	EndGlobalSection
EndGlobal
